
Microsoft Visual Studio Solution File, Format Version 12.00
# Visual Studio 2012
Project("{FAE04EC0-301F-11D3-BF4B-00C04F79EFBC}") = "SkinSafeApp", "SkinSafeApp\SkinSafeApp.csproj", "{A289301B-90A8-45F6-89D4-CF464840B04E}"
EndProject
Global
	GlobalSection(SolutionConfigurationPlatforms) = preSolution
		Debug|iPhoneSimulator = Debug|iPhoneSimulator
		Release|iPhoneSimulator = Release|iPhoneSimulator
		Debug|iPhone = Debug|iPhone
		Release|iPhone = Release|iPhone
		Ad-Hoc|iPhone = Ad-Hoc|iPhone
		AppStore|iPhone = AppStore|iPhone
	EndGlobalSection
	GlobalSection(ProjectConfigurationPlatforms) = postSolution
		{A289301B-90A8-45F6-89D4-CF464840B04E}.Ad-Hoc|iPhone.ActiveCfg = Ad-Hoc|iPhone
		{A289301B-90A8-45F6-89D4-CF464840B04E}.Ad-Hoc|iPhone.Build.0 = Ad-Hoc|iPhone
		{A289301B-90A8-45F6-89D4-CF464840B04E}.AppStore|iPhone.ActiveCfg = AppStore|iPhone
		{A289301B-90A8-45F6-89D4-CF464840B04E}.AppStore|iPhone.Build.0 = AppStore|iPhone
		{A289301B-90A8-45F6-89D4-CF464840B04E}.Debug|iPhone.ActiveCfg = Debug|iPhone
		{A289301B-90A8-45F6-89D4-CF464840B04E}.Debug|iPhone.Build.0 = Debug|iPhone
		{A289301B-90A8-45F6-89D4-CF464840B04E}.Debug|iPhoneSimulator.ActiveCfg = Debug|iPhoneSimulator
		{A289301B-90A8-45F6-89D4-CF464840B04E}.Debug|iPhoneSimulator.Build.0 = Debug|iPhoneSimulator
		{A289301B-90A8-45F6-89D4-CF464840B04E}.Release|iPhone.ActiveCfg = Release|iPhone
		{A289301B-90A8-45F6-89D4-CF464840B04E}.Release|iPhone.Build.0 = Release|iPhone
		{A289301B-90A8-45F6-89D4-CF464840B04E}.Release|iPhoneSimulator.ActiveCfg = Release|iPhoneSimulator
		{A289301B-90A8-45F6-89D4-CF464840B04E}.Release|iPhoneSimulator.Build.0 = Release|iPhoneSimulator
	EndGlobalSection
	GlobalSection(MonoDevelopProperties) = preSolution
		StartupItem = SkinSafeApp\SkinSafeApp.csproj
		Policies = $0
		$0.DotNetNamingPolicy = $1
		$1.DirectoryNamespaceAssociation = PrefixedHierarchical
		$1.ResourceNamePolicy = FileFormatDefault
	EndGlobalSection
EndGlobal
